# This file is autogenerated, do not edit; changes may be undone by the next 'dep ensure'.


[[projects]]
  branch = "master"
  name = "github.com/cocoonlife/goalsa"
  packages = ["."]
  revision = "b711ae6f3eff1a4f0cc4edfe321ab171027f85d4"

[[projects]]
  branch = "master"
  name = "github.com/golang/glog"
  packages = ["."]
  revision = "23def4e6c14b4da8ac2ed8007337bc5eb5007998"

[[projects]]
  branch = "master"
  name = "github.com/golang/protobuf"
  packages = ["proto"]
  revision = "1e59b77b52bf8e4b449a57e6f79f21226d571845"

[[projects]]
  branch = "master"
  name = "github.com/jkeiser/iter"
  packages = ["."]
  revision = "67b94d6149c6b2efe0fde15d36a50a7692c2da17"

[[projects]]
  branch = "master"
  name = "github.com/jochenvg/go-udev"
  packages = ["."]
  revision = "d6b62d56d37b941d93a199f9cb6f0250636fd4ab"

[[projects]]
  branch = "master"
  name = "github.com/kidoman/embd"
  packages = [".","host/all","host/bbb","host/generic","host/rpi","util"]
  revision = "d3d8c0c5c68dc6caccebb7d720f36e64bafd0a62"

[[projects]]
  name = "github.com/stianeikeland/go-rpio"
  packages = ["."]
  revision = "896db2ee1c7f95240dd6a09e56edf9cece107a34"
  version = "v3.0.0"

[[projects]]
  branch = "master"
  name = "golang.org/x/sys"
  packages = ["unix"]
  revision = "83801418e1b59fb1880e363299581ee543af32ca"

[[projects]]
  branch = "master"
  name = "layeh.com/gopus"
  packages = ["."]
  revision = "0ebf989153aa016ef5e77141b08c48e48a79312e"

[[projects]]
  branch = "master"
  name = "layeh.com/gumble"
  packages = ["gumble","gumble/MumbleProto","gumble/varint","gumbleutil","opus"]
  revision = "4354a66096913d2e9b12ee19d81b026100b0e4ea"

[solve-meta]
  analyzer-name = "dep"
  analyzer-version = 1
  inputs-digest = "7c9c8cadea46f79f5cf7027dfc9dcd94d555784acf8eca4d394157147785684c"
  solver-name = "gps-cdcl"
  solver-version = 1
