# This file is autogenerated, do not edit; changes may be undone by the next 'dep ensure'.


[[projects]]
  branch = "master"
  name = "github.com/cocoonlife/goalsa"
  packages = ["."]
  revision = "b711ae6f3eff1a4f0cc4edfe321ab171027f85d4"

[[projects]]
  branch = "master"
  name = "github.com/golang/protobuf"
  packages = ["proto"]
  revision = "1e59b77b52bf8e4b449a57e6f79f21226d571845"

[[projects]]
  branch = "master"
  name = "layeh.com/gopus"
  packages = ["."]
  revision = "0ebf989153aa016ef5e77141b08c48e48a79312e"

[[projects]]
  branch = "master"
  name = "layeh.com/gumble"
  packages = ["gumble","gumble/MumbleProto","gumble/varint","gumbleutil","opus"]
  revision = "4354a66096913d2e9b12ee19d81b026100b0e4ea"

[solve-meta]
  analyzer-name = "dep"
  analyzer-version = 1
  inputs-digest = "a6e3dd2bc69567dcb720a1799439a2621b2ff01680e337c9840862815bd67ed4"
  solver-name = "gps-cdcl"
  solver-version = 1
